
Microsoft Visual Studio Solution File, Format Version 12.00
# Visual Studio 15
VisualStudioVersion = 15.0.27004.2006
MinimumVisualStudioVersion = 10.0.40219.1
Project("{FAE04EC0-301F-11D3-BF4B-00C04F79EFBC}") = "BabyBook", "BabyBook\BabyBook.csproj", "{A9D15205-CD87-4168-BC99-2A28D848358E}"
EndProject
Global
	GlobalSection(SolutionConfigurationPlatforms) = preSolution
		Debug|Any CPU = Debug|Any CPU
		Release|Any CPU = Release|Any CPU
	EndGlobalSection
	GlobalSection(ProjectConfigurationPlatforms) = postSolution
		{A9D15205-CD87-4168-BC99-2A28D848358E}.Debug|Any CPU.ActiveCfg = Debug|Any CPU
		{A9D15205-CD87-4168-BC99-2A28D848358E}.Debug|Any CPU.Build.0 = Debug|Any CPU
		{A9D15205-CD87-4168-BC99-2A28D848358E}.Release|Any CPU.ActiveCfg = Release|Any CPU
		{A9D15205-CD87-4168-BC99-2A28D848358E}.Release|Any CPU.Build.0 = Release|Any CPU
	EndGlobalSection
	GlobalSection(SolutionProperties) = preSolution
		HideSolutionNode = FALSE
	EndGlobalSection
	GlobalSection(ExtensibilityGlobals) = postSolution
		SolutionGuid = {996CC79D-E267-40B1-84C4-F27F2D99F3D7}
	EndGlobalSection
EndGlobal
